
Microsoft Visual Studio Solution File, Format Version 12.00
# Visual Studio Version 17
VisualStudioVersion = 17.11.35222.181
MinimumVisualStudioVersion = 10.0.40219.1
Project("{FAE04EC0-301F-11D3-BF4B-00C04F79EFBC}") = "ShowLibrary", "ShowLibrary\ShowLibrary.csproj", "{2AF7F08F-BAA8-4C94-ABA6-680336BA32B5}"
EndProject
Project("{9A19103F-16F7-4668-BE54-9A1E7A4F7556}") = "ShowLibrary.UnitTests", "ShowLibrary.UnitTests\ShowLibrary.UnitTests.csproj", "{387D7B17-D877-46EE-9936-DD177E1A3000}"
EndProject
Global
	GlobalSection(SolutionConfigurationPlatforms) = preSolution
		Debug|Any CPU = Debug|Any CPU
		Release|Any CPU = Release|Any CPU
	EndGlobalSection
	GlobalSection(ProjectConfigurationPlatforms) = postSolution
		{2AF7F08F-BAA8-4C94-ABA6-680336BA32B5}.Debug|Any CPU.ActiveCfg = Debug|Any CPU
		{2AF7F08F-BAA8-4C94-ABA6-680336BA32B5}.Debug|Any CPU.Build.0 = Debug|Any CPU
		{2AF7F08F-BAA8-4C94-ABA6-680336BA32B5}.Release|Any CPU.ActiveCfg = Release|Any CPU
		{2AF7F08F-BAA8-4C94-ABA6-680336BA32B5}.Release|Any CPU.Build.0 = Release|Any CPU
		{387D7B17-D877-46EE-9936-DD177E1A3000}.Debug|Any CPU.ActiveCfg = Debug|Any CPU
		{387D7B17-D877-46EE-9936-DD177E1A3000}.Debug|Any CPU.Build.0 = Debug|Any CPU
		{387D7B17-D877-46EE-9936-DD177E1A3000}.Release|Any CPU.ActiveCfg = Release|Any CPU
		{387D7B17-D877-46EE-9936-DD177E1A3000}.Release|Any CPU.Build.0 = Release|Any CPU
	EndGlobalSection
	GlobalSection(SolutionProperties) = preSolution
		HideSolutionNode = FALSE
	EndGlobalSection
	GlobalSection(ExtensibilityGlobals) = postSolution
		SolutionGuid = {76A218B4-2053-402E-9050-1ECD1FC9AE61}
	EndGlobalSection
EndGlobal
